
Microsoft Visual Studio Solution File, Format Version 12.00
# Visual Studio Version 17
VisualStudioVersion = 17.1.32421.90
MinimumVisualStudioVersion = 10.0.40219.1
Project("{FAE04EC0-301F-11D3-BF4B-00C04F79EFBC}") = "csharp", "csharp\csharp.csproj", "{889B19AB-6AD8-4FBE-8830-7E88E2856D7B}"
EndProject
Global
	GlobalSection(SolutionConfigurationPlatforms) = preSolution
		Debug|Any CPU = Debug|Any CPU
		Release|Any CPU = Release|Any CPU
	EndGlobalSection
	GlobalSection(ProjectConfigurationPlatforms) = postSolution
		{889B19AB-6AD8-4FBE-8830-7E88E2856D7B}.Debug|Any CPU.ActiveCfg = Debug|Any CPU
		{889B19AB-6AD8-4FBE-8830-7E88E2856D7B}.Debug|Any CPU.Build.0 = Debug|Any CPU
		{889B19AB-6AD8-4FBE-8830-7E88E2856D7B}.Release|Any CPU.ActiveCfg = Release|Any CPU
		{889B19AB-6AD8-4FBE-8830-7E88E2856D7B}.Release|Any CPU.Build.0 = Release|Any CPU
	EndGlobalSection
	GlobalSection(SolutionProperties) = preSolution
		HideSolutionNode = FALSE
	EndGlobalSection
	GlobalSection(ExtensibilityGlobals) = postSolution
		SolutionGuid = {4C07A8DA-1914-42B6-A318-715BD03C4AB9}
	EndGlobalSection
EndGlobal
